// !$*UTF8*$!
{
	archiveVersion = 1;
	classes = {
	};
	objectVersion = 56;
	objects = {

/* Begin PBXBuildFile section */
		BD91917C2B1FD9AB00FA5721 /* AppDelegate.swift in Sources */ = {isa = PBXBuildFile; fileRef = BD91917B2B1FD9AB00FA5721 /* AppDelegate.swift */; };
		BD91917E2B1FD9AB00FA5721 /* SceneDelegate.swift in Sources */ = {isa = PBXBuildFile; fileRef = BD91917D2B1FD9AB00FA5721 /* SceneDelegate.swift */; };
		BD9191802B1FD9AB00FA5721 /* ViewController.swift in Sources */ = {isa = PBXBuildFile; fileRef = BD91917F2B1FD9AB00FA5721 /* ViewController.swift */; };
		BD9191832B1FD9AB00FA5721 /* Main.storyboard in Resources */ = {isa = PBXBuildFile; fileRef = BD9191812B1FD9AB00FA5721 /* Main.storyboard */; };
		BD9191852B1FD9AC00FA5721 /* Assets.xcassets in Resources */ = {isa = PBXBuildFile; fileRef = BD9191842B1FD9AC00FA5721 /* Assets.xcassets */; };
		BD9191882B1FD9AC00FA5721 /* LaunchScreen.storyboard in Resources */ = {isa = PBXBuildFile; fileRef = BD9191862B1FD9AC00FA5721 /* LaunchScreen.storyboard */; };
		BDB0AB6E2B1FF3C60081C694 /* Model.swift in Sources */ = {isa = PBXBuildFile; fileRef = BDB0AB6D2B1FF3C60081C694 /* Model.swift */; };
		BDB0AB702B1FF3DA0081C694 /* Database.swift in Sources */ = {isa = PBXBuildFile; fileRef = BDB0AB6F2B1FF3DA0081C694 /* Database.swift */; };
		BDB0AB722B1FF3EA0081C694 /* canvasView.swift in Sources */ = {isa = PBXBuildFile; fileRef = BDB0AB712B1FF3EA0081C694 /* canvasView.swift */; };
		BDB0AB742B1FF4230081C694 /* DashboardCell.swift in Sources */ = {isa = PBXBuildFile; fileRef = BDB0AB732B1FF4230081C694 /* DashboardCell.swift */; };
		BDB0AB762B1FF4340081C694 /* FavoritesCell.swift in Sources */ = {isa = PBXBuildFile; fileRef = BDB0AB752B1FF4340081C694 /* FavoritesCell.swift */; };
		BDB0AB832B1FF5CB0081C694 /* TutorialModel.swift in Sources */ = {isa = PBXBuildFile; fileRef = BDB0AB822B1FF5CB0081C694 /* TutorialModel.swift */; };
		BDB0AB852B1FF6120081C694 /* HomeScreen.swift in Sources */ = {isa = PBXBuildFile; fileRef = BDB0AB842B1FF6120081C694 /* HomeScreen.swift */; };
		BDB0AB882B1FF6B20081C694 /* DashboardScreen.swift in Sources */ = {isa = PBXBuildFile; fileRef = BDB0AB872B1FF6B20081C694 /* DashboardScreen.swift */; };
		BDB0AB8A2B1FF6C90081C694 /* TutorialScreen.swift in Sources */ = {isa = PBXBuildFile; fileRef = BDB0AB892B1FF6C90081C694 /* TutorialScreen.swift */; };
		BDB0AB8C2B1FF6E40081C694 /* FavoritesScreen.swift in Sources */ = {isa = PBXBuildFile; fileRef = BDB0AB8B2B1FF6E40081C694 /* FavoritesScreen.swift */; };
		BDB0AB8E2B1FF6FE0081C694 /* PlayGameController.swift in Sources */ = {isa = PBXBuildFile; fileRef = BDB0AB8D2B1FF6FE0081C694 /* PlayGameController.swift */; };
		BDB0AB902B1FF7120081C694 /* BlankPageScreen.swift in Sources */ = {isa = PBXBuildFile; fileRef = BDB0AB8F2B1FF7120081C694 /* BlankPageScreen.swift */; };
		BDB0AB942B1FF90B0081C694 /* Lottie in Frameworks */ = {isa = PBXBuildFile; productRef = BDB0AB932B1FF90B0081C694 /* Lottie */; };
		BDB0AB982B1FFA2E0081C694 /* FirebaseAnalytics in Frameworks */ = {isa = PBXBuildFile; productRef = BDB0AB972B1FFA2E0081C694 /* FirebaseAnalytics */; };
		BDB0AB9A2B1FFA2E0081C694 /* FirebaseAnalyticsOnDeviceConversion in Frameworks */ = {isa = PBXBuildFile; productRef = BDB0AB992B1FFA2E0081C694 /* FirebaseAnalyticsOnDeviceConversion */; };
		BDB0AB9C2B1FFA2E0081C694 /* FirebaseAnalyticsSwift in Frameworks */ = {isa = PBXBuildFile; productRef = BDB0AB9B2B1FFA2E0081C694 /* FirebaseAnalyticsSwift */; };
		BDB0AB9E2B1FFA2E0081C694 /* FirebaseAnalyticsWithoutAdIdSupport in Frameworks */ = {isa = PBXBuildFile; productRef = BDB0AB9D2B1FFA2E0081C694 /* FirebaseAnalyticsWithoutAdIdSupport */; };
		BDB0ABA02B1FFA2E0081C694 /* FirebaseAppCheck in Frameworks */ = {isa = PBXBuildFile; productRef = BDB0AB9F2B1FFA2E0081C694 /* FirebaseAppCheck */; };
/* End PBXBuildFile section */

/* Begin PBXFileReference section */
		BD9191782B1FD9AB00FA5721 /* DrawingApp.app */ = {isa = PBXFileReference; explicitFileType = wrapper.application; includeInIndex = 0; path = DrawingApp.app; sourceTree = BUILT_PRODUCTS_DIR; };
		BD91917B2B1FD9AB00FA5721 /* AppDelegate.swift */ = {isa = PBXFileReference; lastKnownFileType = sourcecode.swift; path = AppDelegate.swift; sourceTree = "<group>"; };
		BD91917D2B1FD9AB00FA5721 /* SceneDelegate.swift */ = {isa = PBXFileReference; lastKnownFileType = sourcecode.swift; path = SceneDelegate.swift; sourceTree = "<group>"; };
		BD91917F2B1FD9AB00FA5721 /* ViewController.swift */ = {isa = PBXFileReference; lastKnownFileType = sourcecode.swift; path = ViewController.swift; sourceTree = "<group>"; };
		BD9191822B1FD9AB00FA5721 /* Base */ = {isa = PBXFileReference; lastKnownFileType = file.storyboard; name = Base; path = Base.lproj/Main.storyboard; sourceTree = "<group>"; };
		BD9191842B1FD9AC00FA5721 /* Assets.xcassets */ = {isa = PBXFileReference; lastKnownFileType = folder.assetcatalog; path = Assets.xcassets; sourceTree = "<group>"; };
		BD9191872B1FD9AC00FA5721 /* Base */ = {isa = PBXFileReference; lastKnownFileType = file.storyboard; name = Base; path = Base.lproj/LaunchScreen.storyboard; sourceTree = "<group>"; };
		BD9191892B1FD9AC00FA5721 /* Info.plist */ = {isa = PBXFileReference; lastKnownFileType = text.plist.xml; path = Info.plist; sourceTree = "<group>"; };
		BDB0AB6D2B1FF3C60081C694 /* Model.swift */ = {isa = PBXFileReference; lastKnownFileType = sourcecode.swift; path = Model.swift; sourceTree = "<group>"; };
		BDB0AB6F2B1FF3DA0081C694 /* Database.swift */ = {isa = PBXFileReference; lastKnownFileType = sourcecode.swift; path = Database.swift; sourceTree = "<group>"; };
		BDB0AB712B1FF3EA0081C694 /* canvasView.swift */ = {isa = PBXFileReference; lastKnownFileType = sourcecode.swift; path = canvasView.swift; sourceTree = "<group>"; };
		BDB0AB732B1FF4230081C694 /* DashboardCell.swift */ = {isa = PBXFileReference; lastKnownFileType = sourcecode.swift; path = DashboardCell.swift; sourceTree = "<group>"; };
		BDB0AB752B1FF4340081C694 /* FavoritesCell.swift */ = {isa = PBXFileReference; lastKnownFileType = sourcecode.swift; path = FavoritesCell.swift; sourceTree = "<group>"; };
		BDB0AB822B1FF5CB0081C694 /* TutorialModel.swift */ = {isa = PBXFileReference; lastKnownFileType = sourcecode.swift; path = TutorialModel.swift; sourceTree = "<group>"; };
		BDB0AB842B1FF6120081C694 /* HomeScreen.swift */ = {isa = PBXFileReference; lastKnownFileType = sourcecode.swift; path = HomeScreen.swift; sourceTree = "<group>"; };
		BDB0AB872B1FF6B20081C694 /* DashboardScreen.swift */ = {isa = PBXFileReference; lastKnownFileType = sourcecode.swift; name = DashboardScreen.swift; path = ../../DashboardScreen.swift; sourceTree = "<group>"; };
		BDB0AB892B1FF6C90081C694 /* TutorialScreen.swift */ = {isa = PBXFileReference; lastKnownFileType = sourcecode.swift; name = TutorialScreen.swift; path = ../../TutorialScreen.swift; sourceTree = "<group>"; };
		BDB0AB8B2B1FF6E40081C694 /* FavoritesScreen.swift */ = {isa = PBXFileReference; lastKnownFileType = sourcecode.swift; name = FavoritesScreen.swift; path = ../../FavoritesScreen.swift; sourceTree = "<group>"; };
		BDB0AB8D2B1FF6FE0081C694 /* PlayGameController.swift */ = {isa = PBXFileReference; lastKnownFileType = sourcecode.swift; name = PlayGameController.swift; path = ../../PlayGameController.swift; sourceTree = "<group>"; };
		BDB0AB8F2B1FF7120081C694 /* BlankPageScreen.swift */ = {isa = PBXFileReference; lastKnownFileType = sourcecode.swift; name = BlankPageScreen.swift; path = ../../BlankPageScreen.swift; sourceTree = "<group>"; };
		BDB0AB952B1FF9F20081C694 /* GoogleService-Info-2.plist */ = {isa = PBXFileReference; lastKnownFileType = text.plist.xml; path = "GoogleService-Info-2.plist"; sourceTree = "<group>"; };
/* End PBXFileReference section */

/* Begin PBXFrameworksBuildPhase section */
		BD9191752B1FD9AB00FA5721 /* Frameworks */ = {
			isa = PBXFrameworksBuildPhase;
			buildActionMask = 2147483647;
			files = (
				BDB0AB9C2B1FFA2E0081C694 /* FirebaseAnalyticsSwift in Frameworks */,
				BDB0AB9E2B1FFA2E0081C694 /* FirebaseAnalyticsWithoutAdIdSupport in Frameworks */,
				BDB0AB982B1FFA2E0081C694 /* FirebaseAnalytics in Frameworks */,
				BDB0AB9A2B1FFA2E0081C694 /* FirebaseAnalyticsOnDeviceConversion in Frameworks */,
				BDB0ABA02B1FFA2E0081C694 /* FirebaseAppCheck in Frameworks */,
				BDB0AB942B1FF90B0081C694 /* Lottie in Frameworks */,
			);
			runOnlyForDeploymentPostprocessing = 0;
		};
/* End PBXFrameworksBuildPhase section */

/* Begin PBXGroup section */
		BD91916F2B1FD9AB00FA5721 = {
			isa = PBXGroup;
			children = (
				BD91917A2B1FD9AB00FA5721 /* DrawingApp */,
				BD9191792B1FD9AB00FA5721 /* Products */,
			);
			sourceTree = "<group>";
		};
		BD9191792B1FD9AB00FA5721 /* Products */ = {
			isa = PBXGroup;
			children = (
				BD9191782B1FD9AB00FA5721 /* DrawingApp.app */,
			);
			name = Products;
			sourceTree = "<group>";
		};
		BD91917A2B1FD9AB00FA5721 /* DrawingApp */ = {
			isa = PBXGroup;
			children = (
				BDB0AB6C2B1FF3A60081C694 /* SupportingFiles */,
				BD91917F2B1FD9AB00FA5721 /* ViewController.swift */,
				BDB0AB862B1FF6610081C694 /* View Controllers */,
				BDB0AB772B1FF4460081C694 /* mainSupportingFiles */,
				BDB0AB912B1FF73B0081C694 /* Storyboards */,
				BD9191842B1FD9AC00FA5721 /* Assets.xcassets */,
				BD9191892B1FD9AC00FA5721 /* Info.plist */,
				BDB0AB952B1FF9F20081C694 /* GoogleService-Info-2.plist */,
			);
			path = DrawingApp;
			sourceTree = "<group>";
		};
		BDB0AB6C2B1FF3A60081C694 /* SupportingFiles */ = {
			isa = PBXGroup;
			children = (
				BD91917B2B1FD9AB00FA5721 /* AppDelegate.swift */,
				BD91917D2B1FD9AB00FA5721 /* SceneDelegate.swift */,
			);
			path = SupportingFiles;
			sourceTree = "<group>";
		};
		BDB0AB772B1FF4460081C694 /* mainSupportingFiles */ = {
			isa = PBXGroup;
			children = (
				BDB0AB6D2B1FF3C60081C694 /* Model.swift */,
				BDB0AB6F2B1FF3DA0081C694 /* Database.swift */,
				BDB0AB712B1FF3EA0081C694 /* canvasView.swift */,
				BDB0AB732B1FF4230081C694 /* DashboardCell.swift */,
				BDB0AB752B1FF4340081C694 /* FavoritesCell.swift */,
				BDB0AB822B1FF5CB0081C694 /* TutorialModel.swift */,
			);
			path = mainSupportingFiles;
			sourceTree = "<group>";
		};
		BDB0AB862B1FF6610081C694 /* View Controllers */ = {
			isa = PBXGroup;
			children = (
				BDB0AB8D2B1FF6FE0081C694 /* PlayGameController.swift */,
				BDB0AB8F2B1FF7120081C694 /* BlankPageScreen.swift */,
				BDB0AB8B2B1FF6E40081C694 /* FavoritesScreen.swift */,
				BDB0AB892B1FF6C90081C694 /* TutorialScreen.swift */,
				BDB0AB872B1FF6B20081C694 /* DashboardScreen.swift */,
				BDB0AB842B1FF6120081C694 /* HomeScreen.swift */,
			);
			path = "View Controllers";
			sourceTree = "<group>";
		};
		BDB0AB912B1FF73B0081C694 /* Storyboards */ = {
			isa = PBXGroup;
			children = (
				BD9191812B1FD9AB00FA5721 /* Main.storyboard */,
				BD9191862B1FD9AC00FA5721 /* LaunchScreen.storyboard */,
			);
			path = Storyboards;
			sourceTree = "<group>";
		};
/* End PBXGroup section */

/* Begin PBXNativeTarget section */
		BD9191772B1FD9AB00FA5721 /* DrawingApp */ = {
			isa = PBXNativeTarget;
			buildConfigurationList = BD91918C2B1FD9AC00FA5721 /* Build configuration list for PBXNativeTarget "DrawingApp" */;
			buildPhases = (
				BD9191742B1FD9AB00FA5721 /* Sources */,
				BD9191752B1FD9AB00FA5721 /* Frameworks */,
				BD9191762B1FD9AB00FA5721 /* Resources */,
			);
			buildRules = (
			);
			dependencies = (
			);
			name = DrawingApp;
			packageProductDependencies = (
				BDB0AB932B1FF90B0081C694 /* Lottie */,
				BDB0AB972B1FFA2E0081C694 /* FirebaseAnalytics */,
				BDB0AB992B1FFA2E0081C694 /* FirebaseAnalyticsOnDeviceConversion */,
				BDB0AB9B2B1FFA2E0081C694 /* FirebaseAnalyticsSwift */,
				BDB0AB9D2B1FFA2E0081C694 /* FirebaseAnalyticsWithoutAdIdSupport */,
				BDB0AB9F2B1FFA2E0081C694 /* FirebaseAppCheck */,
			);
			productName = DrawingApp;
			productReference = BD9191782B1FD9AB00FA5721 /* DrawingApp.app */;
			productType = "com.apple.product-type.application";
		};
/* End PBXNativeTarget section */

/* Begin PBXProject section */
		BD9191702B1FD9AB00FA5721 /* Project object */ = {
			isa = PBXProject;
			attributes = {
				BuildIndependentTargetsInParallel = 1;
				LastSwiftUpdateCheck = 1500;
				LastUpgradeCheck = 1500;
				TargetAttributes = {
					BD9191772B1FD9AB00FA5721 = {
						CreatedOnToolsVersion = 15.0.1;
					};
				};
			};
			buildConfigurationList = BD9191732B1FD9AB00FA5721 /* Build configuration list for PBXProject "DrawingApp" */;
			compatibilityVersion = "Xcode 14.0";
			developmentRegion = en;
			hasScannedForEncodings = 0;
			knownRegions = (
				en,
				Base,
			);
			mainGroup = BD91916F2B1FD9AB00FA5721;
			packageReferences = (
				BDB0AB922B1FF90B0081C694 /* XCRemoteSwiftPackageReference "lottie-ios" */,
				BDB0AB962B1FFA2D0081C694 /* XCRemoteSwiftPackageReference "firebase-ios-sdk" */,
			);
			productRefGroup = BD9191792B1FD9AB00FA5721 /* Products */;
			projectDirPath = "";
			projectRoot = "";
			targets = (
				BD9191772B1FD9AB00FA5721 /* DrawingApp */,
			);
		};
/* End PBXProject section */

/* Begin PBXResourcesBuildPhase section */
		BD9191762B1FD9AB00FA5721 /* Resources */ = {
			isa = PBXResourcesBuildPhase;
			buildActionMask = 2147483647;
			files = (
				BD9191882B1FD9AC00FA5721 /* LaunchScreen.storyboard in Resources */,
				BD9191852B1FD9AC00FA5721 /* Assets.xcassets in Resources */,
				BD9191832B1FD9AB00FA5721 /* Main.storyboard in Resources */,
			);
			runOnlyForDeploymentPostprocessing = 0;
		};
/* End PBXResourcesBuildPhase section */

/* Begin PBXSourcesBuildPhase section */
		BD9191742B1FD9AB00FA5721 /* Sources */ = {
			isa = PBXSourcesBuildPhase;
			buildActionMask = 2147483647;
			files = (
				BDB0AB742B1FF4230081C694 /* DashboardCell.swift in Sources */,
				BDB0AB8E2B1FF6FE0081C694 /* PlayGameController.swift in Sources */,
				BDB0AB8C2B1FF6E40081C694 /* FavoritesScreen.swift in Sources */,
				BDB0AB902B1FF7120081C694 /* BlankPageScreen.swift in Sources */,
				BDB0AB762B1FF4340081C694 /* FavoritesCell.swift in Sources */,
				BDB0AB722B1FF3EA0081C694 /* canvasView.swift in Sources */,
				BDB0AB8A2B1FF6C90081C694 /* TutorialScreen.swift in Sources */,
				BD9191802B1FD9AB00FA5721 /* ViewController.swift in Sources */,
				BDB0AB882B1FF6B20081C694 /* DashboardScreen.swift in Sources */,
				BD91917C2B1FD9AB00FA5721 /* AppDelegate.swift in Sources */,
				BDB0AB832B1FF5CB0081C694 /* TutorialModel.swift in Sources */,
				BDB0AB852B1FF6120081C694 /* HomeScreen.swift in Sources */,
				BD91917E2B1FD9AB00FA5721 /* SceneDelegate.swift in Sources */,
				BDB0AB702B1FF3DA0081C694 /* Database.swift in Sources */,
				BDB0AB6E2B1FF3C60081C694 /* Model.swift in Sources */,
			);
			runOnlyForDeploymentPostprocessing = 0;
		};
/* End PBXSourcesBuildPhase section */

/* Begin PBXVariantGroup section */
		BD9191812B1FD9AB00FA5721 /* Main.storyboard */ = {
			isa = PBXVariantGroup;
			children = (
				BD9191822B1FD9AB00FA5721 /* Base */,
			);
			name = Main.storyboard;
			sourceTree = "<group>";
		};
		BD9191862B1FD9AC00FA5721 /* LaunchScreen.storyboard */ = {
			isa = PBXVariantGroup;
			children = (
				BD9191872B1FD9AC00FA5721 /* Base */,
			);
			name = LaunchScreen.storyboard;
			sourceTree = "<group>";
		};
/* End PBXVariantGroup section */

/* Begin XCBuildConfiguration section */
		BD91918A2B1FD9AC00FA5721 /* Debug */ = {
			isa = XCBuildConfiguration;
			buildSettings = {
				ALWAYS_SEARCH_USER_PATHS = NO;
				ASSETCATALOG_COMPILER_GENERATE_SWIFT_ASSET_SYMBOL_EXTENSIONS = YES;
				CLANG_ANALYZER_NONNULL = YES;
				CLANG_ANALYZER_NUMBER_OBJECT_CONVERSION = YES_AGGRESSIVE;
				CLANG_CXX_LANGUAGE_STANDARD = "gnu++20";
				CLANG_ENABLE_MODULES = YES;
				CLANG_ENABLE_OBJC_ARC = YES;
				CLANG_ENABLE_OBJC_WEAK = YES;
				CLANG_WARN_BLOCK_CAPTURE_AUTORELEASING = YES;
				CLANG_WARN_BOOL_CONVERSION = YES;
				CLANG_WARN_COMMA = YES;
				CLANG_WARN_CONSTANT_CONVERSION = YES;
				CLANG_WARN_DEPRECATED_OBJC_IMPLEMENTATIONS = YES;
				CLANG_WARN_DIRECT_OBJC_ISA_USAGE = YES_ERROR;
				CLANG_WARN_DOCUMENTATION_COMMENTS = YES;
				CLANG_WARN_EMPTY_BODY = YES;
				CLANG_WARN_ENUM_CONVERSION = YES;
				CLANG_WARN_INFINITE_RECURSION = YES;
				CLANG_WARN_INT_CONVERSION = YES;
				CLANG_WARN_NON_LITERAL_NULL_CONVERSION = YES;
				CLANG_WARN_OBJC_IMPLICIT_RETAIN_SELF = YES;
				CLANG_WARN_OBJC_LITERAL_CONVERSION = YES;
				CLANG_WARN_OBJC_ROOT_CLASS = YES_ERROR;
				CLANG_WARN_QUOTED_INCLUDE_IN_FRAMEWORK_HEADER = YES;
				CLANG_WARN_RANGE_LOOP_ANALYSIS = YES;
				CLANG_WARN_STRICT_PROTOTYPES = YES;
				CLANG_WARN_SUSPICIOUS_MOVE = YES;
				CLANG_WARN_UNGUARDED_AVAILABILITY = YES_AGGRESSIVE;
				CLANG_WARN_UNREACHABLE_CODE = YES;
				CLANG_WARN__DUPLICATE_METHOD_MATCH = YES;
				COPY_PHASE_STRIP = NO;
				DEBUG_INFORMATION_FORMAT = dwarf;
				ENABLE_STRICT_OBJC_MSGSEND = YES;
				ENABLE_TESTABILITY = YES;
				ENABLE_USER_SCRIPT_SANDBOXING = YES;
				GCC_C_LANGUAGE_STANDARD = gnu17;
				GCC_DYNAMIC_NO_PIC = NO;
				GCC_NO_COMMON_BLOCKS = YES;
				GCC_OPTIMIZATION_LEVEL = 0;
				GCC_PREPROCESSOR_DEFINITIONS = (
					"DEBUG=1",
					"$(inherited)",
				);
				GCC_WARN_64_TO_32_BIT_CONVERSION = YES;
				GCC_WARN_ABOUT_RETURN_TYPE = YES_ERROR;
				GCC_WARN_UNDECLARED_SELECTOR = YES;
				GCC_WARN_UNINITIALIZED_AUTOS = YES_AGGRESSIVE;
				GCC_WARN_UNUSED_FUNCTION = YES;
				GCC_WARN_UNUSED_VARIABLE = YES;
				IPHONEOS_DEPLOYMENT_TARGET = 17.0;
				LOCALIZATION_PREFERS_STRING_CATALOGS = YES;
				MTL_ENABLE_DEBUG_INFO = INCLUDE_SOURCE;
				MTL_FAST_MATH = YES;
				ONLY_ACTIVE_ARCH = YES;
				SDKROOT = iphoneos;
				SWIFT_ACTIVE_COMPILATION_CONDITIONS = "DEBUG $(inherited)";
				SWIFT_OPTIMIZATION_LEVEL = "-Onone";
			};
			name = Debug;
		};
		BD91918B2B1FD9AC00FA5721 /* Release */ = {
			isa = XCBuildConfiguration;
			buildSettings = {
				ALWAYS_SEARCH_USER_PATHS = NO;
				ASSETCATALOG_COMPILER_GENERATE_SWIFT_ASSET_SYMBOL_EXTENSIONS = YES;
				CLANG_ANALYZER_NONNULL = YES;
				CLANG_ANALYZER_NUMBER_OBJECT_CONVERSION = YES_AGGRESSIVE;
				CLANG_CXX_LANGUAGE_STANDARD = "gnu++20";
				CLANG_ENABLE_MODULES = YES;
				CLANG_ENABLE_OBJC_ARC = YES;
				CLANG_ENABLE_OBJC_WEAK = YES;
				CLANG_WARN_BLOCK_CAPTURE_AUTORELEASING = YES;
				CLANG_WARN_BOOL_CONVERSION = YES;
				CLANG_WARN_COMMA = YES;
				CLANG_WARN_CONSTANT_CONVERSION = YES;
				CLANG_WARN_DEPRECATED_OBJC_IMPLEMENTATIONS = YES;
				CLANG_WARN_DIRECT_OBJC_ISA_USAGE = YES_ERROR;
				CLANG_WARN_DOCUMENTATION_COMMENTS = YES;
				CLANG_WARN_EMPTY_BODY = YES;
				CLANG_WARN_ENUM_CONVERSION = YES;
				CLANG_WARN_INFINITE_RECURSION = YES;
				CLANG_WARN_INT_CONVERSION = YES;
				CLANG_WARN_NON_LITERAL_NULL_CONVERSION = YES;
				CLANG_WARN_OBJC_IMPLICIT_RETAIN_SELF = YES;
				CLANG_WARN_OBJC_LITERAL_CONVERSION = YES;
				CLANG_WARN_OBJC_ROOT_CLASS = YES_ERROR;
				CLANG_WARN_QUOTED_INCLUDE_IN_FRAMEWORK_HEADER = YES;
				CLANG_WARN_RANGE_LOOP_ANALYSIS = YES;
				CLANG_WARN_STRICT_PROTOTYPES = YES;
				CLANG_WARN_SUSPICIOUS_MOVE = YES;
				CLANG_WARN_UNGUARDED_AVAILABILITY = YES_AGGRESSIVE;
				CLANG_WARN_UNREACHABLE_CODE = YES;
				CLANG_WARN__DUPLICATE_METHOD_MATCH = YES;
				COPY_PHASE_STRIP = NO;
				DEBUG_INFORMATION_FORMAT = "dwarf-with-dsym";
				ENABLE_NS_ASSERTIONS = NO;
				ENABLE_STRICT_OBJC_MSGSEND = YES;
				ENABLE_USER_SCRIPT_SANDBOXING = YES;
				GCC_C_LANGUAGE_STANDARD = gnu17;
				GCC_NO_COMMON_BLOCKS = YES;
				GCC_WARN_64_TO_32_BIT_CONVERSION = YES;
				GCC_WARN_ABOUT_RETURN_TYPE = YES_ERROR;
				GCC_WARN_UNDECLARED_SELECTOR = YES;
				GCC_WARN_UNINITIALIZED_AUTOS = YES_AGGRESSIVE;
				GCC_WARN_UNUSED_FUNCTION = YES;
				GCC_WARN_UNUSED_VARIABLE = YES;
				IPHONEOS_DEPLOYMENT_TARGET = 17.0;
				LOCALIZATION_PREFERS_STRING_CATALOGS = YES;
				MTL_ENABLE_DEBUG_INFO = NO;
				MTL_FAST_MATH = YES;
				SDKROOT = iphoneos;
				SWIFT_COMPILATION_MODE = wholemodule;
				VALIDATE_PRODUCT = YES;
			};
			name = Release;
		};
		BD91918D2B1FD9AC00FA5721 /* Debug */ = {
			isa = XCBuildConfiguration;
			buildSettings = {
				ASSETCATALOG_COMPILER_APPICON_NAME = AppIcon;
				ASSETCATALOG_COMPILER_GLOBAL_ACCENT_COLOR_NAME = AccentColor;
				CODE_SIGN_STYLE = Automatic;
				CURRENT_PROJECT_VERSION = 1;
				GENERATE_INFOPLIST_FILE = YES;
				INFOPLIST_FILE = DrawingApp/Info.plist;
				INFOPLIST_KEY_UIApplicationSupportsIndirectInputEvents = YES;
				INFOPLIST_KEY_UILaunchStoryboardName = LaunchScreen;
				INFOPLIST_KEY_UIMainStoryboardFile = Main;
				INFOPLIST_KEY_UISupportedInterfaceOrientations_iPad = "UIInterfaceOrientationPortrait UIInterfaceOrientationPortraitUpsideDown UIInterfaceOrientationLandscapeLeft UIInterfaceOrientationLandscapeRight";
				INFOPLIST_KEY_UISupportedInterfaceOrientations_iPhone = "UIInterfaceOrientationPortrait UIInterfaceOrientationLandscapeLeft UIInterfaceOrientationLandscapeRight";
				LD_RUNPATH_SEARCH_PATHS = (
					"$(inherited)",
					"@executable_path/Frameworks",
				);
				MARKETING_VERSION = 1.0;
				PRODUCT_BUNDLE_IDENTIFIER = edu.nwmissouri.fall23.cs44643.DrawingApp;
				PRODUCT_NAME = "$(TARGET_NAME)";
				SWIFT_EMIT_LOC_STRINGS = YES;
				SWIFT_VERSION = 5.0;
				TARGETED_DEVICE_FAMILY = "1,2";
			};
			name = Debug;
		};
		BD91918E2B1FD9AC00FA5721 /* Release */ = {
			isa = XCBuildConfiguration;
			buildSettings = {
				ASSETCATALOG_COMPILER_APPICON_NAME = AppIcon;
				ASSETCATALOG_COMPILER_GLOBAL_ACCENT_COLOR_NAME = AccentColor;
				CODE_SIGN_STYLE = Automatic;
				CURRENT_PROJECT_VERSION = 1;
				GENERATE_INFOPLIST_FILE = YES;
				INFOPLIST_FILE = DrawingApp/Info.plist;
				INFOPLIST_KEY_UIApplicationSupportsIndirectInputEvents = YES;
				INFOPLIST_KEY_UILaunchStoryboardName = LaunchScreen;
				INFOPLIST_KEY_UIMainStoryboardFile = Main;
				INFOPLIST_KEY_UISupportedInterfaceOrientations_iPad = "UIInterfaceOrientationPortrait UIInterfaceOrientationPortraitUpsideDown UIInterfaceOrientationLandscapeLeft UIInterfaceOrientationLandscapeRight";
				INFOPLIST_KEY_UISupportedInterfaceOrientations_iPhone = "UIInterfaceOrientationPortrait UIInterfaceOrientationLandscapeLeft UIInterfaceOrientationLandscapeRight";
				LD_RUNPATH_SEARCH_PATHS = (
					"$(inherited)",
					"@executable_path/Frameworks",
				);
				MARKETING_VERSION = 1.0;
				PRODUCT_BUNDLE_IDENTIFIER = edu.nwmissouri.fall23.cs44643.DrawingApp;
				PRODUCT_NAME = "$(TARGET_NAME)";
				SWIFT_EMIT_LOC_STRINGS = YES;
				SWIFT_VERSION = 5.0;
				TARGETED_DEVICE_FAMILY = "1,2";
			};
			name = Release;
		};
/* End XCBuildConfiguration section */

/* Begin XCConfigurationList section */
		BD9191732B1FD9AB00FA5721 /* Build configuration list for PBXProject "DrawingApp" */ = {
			isa = XCConfigurationList;
			buildConfigurations = (
				BD91918A2B1FD9AC00FA5721 /* Debug */,
				BD91918B2B1FD9AC00FA5721 /* Release */,
			);
			defaultConfigurationIsVisible = 0;
			defaultConfigurationName = Release;
		};
		BD91918C2B1FD9AC00FA5721 /* Build configuration list for PBXNativeTarget "DrawingApp" */ = {
			isa = XCConfigurationList;
			buildConfigurations = (
				BD91918D2B1FD9AC00FA5721 /* Debug */,
				BD91918E2B1FD9AC00FA5721 /* Release */,
			);
			defaultConfigurationIsVisible = 0;
			defaultConfigurationName = Release;
		};
/* End XCConfigurationList section */

/* Begin XCRemoteSwiftPackageReference section */
		BDB0AB922B1FF90B0081C694 /* XCRemoteSwiftPackageReference "lottie-ios" */ = {
			isa = XCRemoteSwiftPackageReference;
			repositoryURL = "https://github.com/airbnb/lottie-ios.git";
			requirement = {
				kind = upToNextMajorVersion;
				minimumVersion = 4.3.4;
			};
		};
		BDB0AB962B1FFA2D0081C694 /* XCRemoteSwiftPackageReference "firebase-ios-sdk" */ = {
			isa = XCRemoteSwiftPackageReference;
			repositoryURL = "https://github.com/firebase/firebase-ios-sdk";
			requirement = {
				kind = upToNextMajorVersion;
				minimumVersion = 10.19.0;
			};
		};
/* End XCRemoteSwiftPackageReference section */

/* Begin XCSwiftPackageProductDependency section */
		BDB0AB932B1FF90B0081C694 /* Lottie */ = {
			isa = XCSwiftPackageProductDependency;
			package = BDB0AB922B1FF90B0081C694 /* XCRemoteSwiftPackageReference "lottie-ios" */;
			productName = Lottie;
		};
		BDB0AB972B1FFA2E0081C694 /* FirebaseAnalytics */ = {
			isa = XCSwiftPackageProductDependency;
			package = BDB0AB962B1FFA2D0081C694 /* XCRemoteSwiftPackageReference "firebase-ios-sdk" */;
			productName = FirebaseAnalytics;
		};
		BDB0AB992B1FFA2E0081C694 /* FirebaseAnalyticsOnDeviceConversion */ = {
			isa = XCSwiftPackageProductDependency;
			package = BDB0AB962B1FFA2D0081C694 /* XCRemoteSwiftPackageReference "firebase-ios-sdk" */;
			productName = FirebaseAnalyticsOnDeviceConversion;
		};
		BDB0AB9B2B1FFA2E0081C694 /* FirebaseAnalyticsSwift */ = {
			isa = XCSwiftPackageProductDependency;
			package = BDB0AB962B1FFA2D0081C694 /* XCRemoteSwiftPackageReference "firebase-ios-sdk" */;
			productName = FirebaseAnalyticsSwift;
		};
		BDB0AB9D2B1FFA2E0081C694 /* FirebaseAnalyticsWithoutAdIdSupport */ = {
			isa = XCSwiftPackageProductDependency;
			package = BDB0AB962B1FFA2D0081C694 /* XCRemoteSwiftPackageReference "firebase-ios-sdk" */;
			productName = FirebaseAnalyticsWithoutAdIdSupport;
		};
		BDB0AB9F2B1FFA2E0081C694 /* FirebaseAppCheck */ = {
			isa = XCSwiftPackageProductDependency;
			package = BDB0AB962B1FFA2D0081C694 /* XCRemoteSwiftPackageReference "firebase-ios-sdk" */;
			productName = FirebaseAppCheck;
		};
/* End XCSwiftPackageProductDependency section */
	};
	rootObject = BD9191702B1FD9AB00FA5721 /* Project object */;
}
